Microsoft Visual Studio Solution File, Format Version 12.00
# Visual Studio 15
VisualStudioVersion = 15.0.27130.2036
MinimumVisualStudioVersion = 10.0.40219.1
Project("{9A19103F-16F7-4668-BE54-9A1E7A4F7556}") = "LakinFamily1", "LakinFamily1\LakinFamily1.csproj", "{A5580257-4A58-4239-BEAE-8BD55B07D219}"
EndProject
Project("{FAE04EC0-301F-11D3-BF4B-00C04F79EFBC}") = "RegulationInput", "RegulationInput\RegulationInput.csproj", "{8B9627F3-CBEB-4322-A81A-3FE80F858F53}"
EndProject
Project("{9A19103F-16F7-4668-BE54-9A1E7A4F7556}") = "Common", "Common\Common.csproj", "{4EF6F545-E43C-41E1-93C4-0585B6829CF2}"
EndProject
Project("{FAE04EC0-301F-11D3-BF4B-00C04F79EFBC}") = "TestFunction", "TestFunction\TestFunction.csproj", "{6385F60E-D0D3-4CA6-B2A4-373731E5C615}"
EndProject
Global
	GlobalSection(SolutionConfigurationPlatforms) = preSolution
		Debug|Any CPU = Debug|Any CPU
		Release|Any CPU = Release|Any CPU
	EndGlobalSection
	GlobalSection(ProjectConfigurationPlatforms) = postSolution
		{A5580257-4A58-4239-BEAE-8BD55B07D219}.Debug|Any CPU.ActiveCfg = Debug|Any CPU
		{A5580257-4A58-4239-BEAE-8BD55B07D219}.Debug|Any CPU.Build.0 = Debug|Any CPU
		{A5580257-4A58-4239-BEAE-8BD55B07D219}.Release|Any CPU.ActiveCfg = Release|Any CPU
		{A5580257-4A58-4239-BEAE-8BD55B07D219}.Release|Any CPU.Build.0 = Release|Any CPU
		{8B9627F3-CBEB-4322-A81A-3FE80F858F53}.Debug|Any CPU.ActiveCfg = Debug|Any CPU
		{8B9627F3-CBEB-4322-A81A-3FE80F858F53}.Debug|Any CPU.Build.0 = Debug|Any CPU
		{8B9627F3-CBEB-4322-A81A-3FE80F858F53}.Release|Any CPU.ActiveCfg = Release|Any CPU
		{8B9627F3-CBEB-4322-A81A-3FE80F858F53}.Release|Any CPU.Build.0 = Release|Any CPU
		{4EF6F545-E43C-41E1-93C4-0585B6829CF2}.Debug|Any CPU.ActiveCfg = Debug|Any CPU
		{4EF6F545-E43C-41E1-93C4-0585B6829CF2}.Debug|Any CPU.Build.0 = Debug|Any CPU
		{4EF6F545-E43C-41E1-93C4-0585B6829CF2}.Release|Any CPU.ActiveCfg = Release|Any CPU
		{4EF6F545-E43C-41E1-93C4-0585B6829CF2}.Release|Any CPU.Build.0 = Release|Any CPU
		{6385F60E-D0D3-4CA6-B2A4-373731E5C615}.Debug|Any CPU.ActiveCfg = Debug|Any CPU
		{6385F60E-D0D3-4CA6-B2A4-373731E5C615}.Debug|Any CPU.Build.0 = Debug|Any CPU
		{6385F60E-D0D3-4CA6-B2A4-373731E5C615}.Release|Any CPU.ActiveCfg = Release|Any CPU
		{6385F60E-D0D3-4CA6-B2A4-373731E5C615}.Release|Any CPU.Build.0 = Release|Any CPU
	EndGlobalSection
	GlobalSection(SolutionProperties) = preSolution
		HideSolutionNode = FALSE
	EndGlobalSection
	GlobalSection(ExtensibilityGlobals) = postSolution
		SolutionGuid = {6ECDFBB5-D240-41B9-90D1-2D609D980FC4}
	EndGlobalSection
EndGlobal
